
Microsoft Visual Studio Solution File, Format Version 12.00
# Visual Studio Version 16
VisualStudioVersion = 16.0.33130.400
MinimumVisualStudioVersion = 10.0.40219.1
Project("{FAE04EC0-301F-11D3-BF4B-00C04F79EFBC}") = "CarManagementBackend", "CarManagementBackend\CarManagementBackend.csproj", "{92BDD8A3-AF4C-4D1B-961B-A2BC09B08B8E}"
EndProject
Global
	GlobalSection(SolutionConfigurationPlatforms) = preSolution
		Debug|Any CPU = Debug|Any CPU
		Release|Any CPU = Release|Any CPU
	EndGlobalSection
	GlobalSection(ProjectConfigurationPlatforms) = postSolution
		{92BDD8A3-AF4C-4D1B-961B-A2BC09B08B8E}.Debug|Any CPU.ActiveCfg = Debug|Any CPU
		{92BDD8A3-AF4C-4D1B-961B-A2BC09B08B8E}.Debug|Any CPU.Build.0 = Debug|Any CPU
		{92BDD8A3-AF4C-4D1B-961B-A2BC09B08B8E}.Release|Any CPU.ActiveCfg = Release|Any CPU
		{92BDD8A3-AF4C-4D1B-961B-A2BC09B08B8E}.Release|Any CPU.Build.0 = Release|Any CPU
	EndGlobalSection
	GlobalSection(SolutionProperties) = preSolution
		HideSolutionNode = FALSE
	EndGlobalSection
	GlobalSection(ExtensibilityGlobals) = postSolution
		SolutionGuid = {2BD1931E-988D-46C6-B069-8531A6AB957C}
	EndGlobalSection
EndGlobal
